
Microsoft Visual Studio Solution File, Format Version 12.00
# Visual Studio Version 17
VisualStudioVersion = 17.0.31903.59
MinimumVisualStudioVersion = 10.0.40219.1
Project("{2150E333-8FDC-42A3-9474-1A3956D46DE8}") = "frontend", "frontend", "{524CA6E6-3F7E-4ED8-8E36-AD3DB19F1EE0}"
EndProject
Project("{FAE04EC0-301F-11D3-BF4B-00C04F79EFBC}") = "VanessaCorpApp", "frontend\VanessaCorpApp\VanessaCorpApp.csproj", "{DBBBC6B6-8166-4C7D-816B-EA464C0D54F5}"
EndProject
Global
	GlobalSection(SolutionConfigurationPlatforms) = preSolution
		Debug|Any CPU = Debug|Any CPU
		Release|Any CPU = Release|Any CPU
	EndGlobalSection
	GlobalSection(SolutionProperties) = preSolution
		HideSolutionNode = FALSE
	EndGlobalSection
	GlobalSection(ProjectConfigurationPlatforms) = postSolution
		{DBBBC6B6-8166-4C7D-816B-EA464C0D54F5}.Debug|Any CPU.ActiveCfg = Debug|Any CPU
		{DBBBC6B6-8166-4C7D-816B-EA464C0D54F5}.Debug|Any CPU.Build.0 = Debug|Any CPU
		{DBBBC6B6-8166-4C7D-816B-EA464C0D54F5}.Release|Any CPU.ActiveCfg = Release|Any CPU
		{DBBBC6B6-8166-4C7D-816B-EA464C0D54F5}.Release|Any CPU.Build.0 = Release|Any CPU
	EndGlobalSection
	GlobalSection(NestedProjects) = preSolution
		{DBBBC6B6-8166-4C7D-816B-EA464C0D54F5} = {524CA6E6-3F7E-4ED8-8E36-AD3DB19F1EE0}
	EndGlobalSection
EndGlobal
